
Microsoft Visual Studio Solution File, Format Version 12.00
# Visual Studio Version 16
VisualStudioVersion = 16.0.30621.155
MinimumVisualStudioVersion = 10.0.40219.1
Project("{FAE04EC0-301F-11D3-BF4B-00C04F79EFBC}") = "JeudiAuth", "JeudiAuth\JeudiAuth.csproj", "{F432B417-DFA3-4A7A-BE3E-4074794D33FE}"
EndProject
Global
	GlobalSection(SolutionConfigurationPlatforms) = preSolution
		Debug|Any CPU = Debug|Any CPU
		Release|Any CPU = Release|Any CPU
	EndGlobalSection
	GlobalSection(ProjectConfigurationPlatforms) = postSolution
		{F432B417-DFA3-4A7A-BE3E-4074794D33FE}.Debug|Any CPU.ActiveCfg = Debug|Any CPU
		{F432B417-DFA3-4A7A-BE3E-4074794D33FE}.Debug|Any CPU.Build.0 = Debug|Any CPU
		{F432B417-DFA3-4A7A-BE3E-4074794D33FE}.Release|Any CPU.ActiveCfg = Release|Any CPU
		{F432B417-DFA3-4A7A-BE3E-4074794D33FE}.Release|Any CPU.Build.0 = Release|Any CPU
	EndGlobalSection
	GlobalSection(SolutionProperties) = preSolution
		HideSolutionNode = FALSE
	EndGlobalSection
	GlobalSection(ExtensibilityGlobals) = postSolution
		SolutionGuid = {AF2B51EE-5B9E-4682-B54A-5F031B95F1A8}
	EndGlobalSection
EndGlobal
